
Microsoft Visual Studio Solution File, Format Version 12.00
# Visual Studio 15
VisualStudioVersion = 15.0.27130.2010
MinimumVisualStudioVersion = 10.0.40219.1
Project("{8BC9CEB8-8B4A-11D0-8D11-00A0C91BC942}") = "ConsoleApplication3", "ConsoleApplication3.vcxproj", "{8071D10D-1C0B-4AC9-805E-7AE091665BD5}"
EndProject
Global
	GlobalSection(SolutionConfigurationPlatforms) = preSolution
		Debug|x64 = Debug|x64
		Debug|x86 = Debug|x86
		Release|x64 = Release|x64
		Release|x86 = Release|x86
	EndGlobalSection
	GlobalSection(ProjectConfigurationPlatforms) = postSolution
		{8071D10D-1C0B-4AC9-805E-7AE091665BD5}.Debug|x64.ActiveCfg = Debug|x64
		{8071D10D-1C0B-4AC9-805E-7AE091665BD5}.Debug|x64.Build.0 = Debug|x64
		{8071D10D-1C0B-4AC9-805E-7AE091665BD5}.Debug|x86.ActiveCfg = Debug|Win32
		{8071D10D-1C0B-4AC9-805E-7AE091665BD5}.Debug|x86.Build.0 = Debug|Win32
		{8071D10D-1C0B-4AC9-805E-7AE091665BD5}.Release|x64.ActiveCfg = Release|x64
		{8071D10D-1C0B-4AC9-805E-7AE091665BD5}.Release|x64.Build.0 = Release|x64
		{8071D10D-1C0B-4AC9-805E-7AE091665BD5}.Release|x86.ActiveCfg = Release|Win32
		{8071D10D-1C0B-4AC9-805E-7AE091665BD5}.Release|x86.Build.0 = Release|Win32
	EndGlobalSection
	GlobalSection(SolutionProperties) = preSolution
		HideSolutionNode = FALSE
	EndGlobalSection
	GlobalSection(ExtensibilityGlobals) = postSolution
		SolutionGuid = {EB292AAA-A73A-4952-8132-40AFB7FFF6FB}
	EndGlobalSection
EndGlobal
